
Microsoft Visual Studio Solution File, Format Version 12.00
# Visual Studio Version 17
VisualStudioVersion = 17.3.32929.385
MinimumVisualStudioVersion = 10.0.40219.1
Project("{FAE04EC0-301F-11D3-BF4B-00C04F79EFBC}") = "TrendyolTestProject", "TrendyolTestProject\TrendyolTestProject.csproj", "{BFF7B39B-B134-4113-9E5B-7DD2F8892349}"
EndProject
Global
	GlobalSection(SolutionConfigurationPlatforms) = preSolution
		Debug|Any CPU = Debug|Any CPU
		Release|Any CPU = Release|Any CPU
	EndGlobalSection
	GlobalSection(ProjectConfigurationPlatforms) = postSolution
		{BFF7B39B-B134-4113-9E5B-7DD2F8892349}.Debug|Any CPU.ActiveCfg = Debug|Any CPU
		{BFF7B39B-B134-4113-9E5B-7DD2F8892349}.Debug|Any CPU.Build.0 = Debug|Any CPU
		{BFF7B39B-B134-4113-9E5B-7DD2F8892349}.Release|Any CPU.ActiveCfg = Release|Any CPU
		{BFF7B39B-B134-4113-9E5B-7DD2F8892349}.Release|Any CPU.Build.0 = Release|Any CPU
	EndGlobalSection
	GlobalSection(SolutionProperties) = preSolution
		HideSolutionNode = FALSE
	EndGlobalSection
	GlobalSection(ExtensibilityGlobals) = postSolution
		SolutionGuid = {19265C56-0ED3-4756-AA50-A06B374A9C3D}
	EndGlobalSection
EndGlobal
